
Microsoft Visual Studio Solution File, Format Version 12.00
# Visual Studio Version 17
VisualStudioVersion = 17.4.33110.190
MinimumVisualStudioVersion = 10.0.40219.1
Project("{FAE04EC0-301F-11D3-BF4B-00C04F79EFBC}") = "Trabalho final de banco de dados", "Trabalho final de banco de dados\Trabalho final de banco de dados.csproj", "{8A8343FC-840E-44CC-8B31-0C19CE480D6F}"
EndProject
Global
	GlobalSection(SolutionConfigurationPlatforms) = preSolution
		Debug|Any CPU = Debug|Any CPU
		Release|Any CPU = Release|Any CPU
	EndGlobalSection
	GlobalSection(ProjectConfigurationPlatforms) = postSolution
		{8A8343FC-840E-44CC-8B31-0C19CE480D6F}.Debug|Any CPU.ActiveCfg = Debug|Any CPU
		{8A8343FC-840E-44CC-8B31-0C19CE480D6F}.Debug|Any CPU.Build.0 = Debug|Any CPU
		{8A8343FC-840E-44CC-8B31-0C19CE480D6F}.Release|Any CPU.ActiveCfg = Release|Any CPU
		{8A8343FC-840E-44CC-8B31-0C19CE480D6F}.Release|Any CPU.Build.0 = Release|Any CPU
	EndGlobalSection
	GlobalSection(SolutionProperties) = preSolution
		HideSolutionNode = FALSE
	EndGlobalSection
	GlobalSection(ExtensibilityGlobals) = postSolution
		SolutionGuid = {1C23AE2E-8F66-430A-AC7E-AAD4880BF21C}
	EndGlobalSection
EndGlobal
